
Microsoft Visual Studio Solution File, Format Version 12.00
# Visual Studio Version 17
VisualStudioVersion = 17.4.33205.214
MinimumVisualStudioVersion = 10.0.40219.1
Project("{FAE04EC0-301F-11D3-BF4B-00C04F79EFBC}") = "TorKartingowyCoreMVC", "TorKartingowyCoreMVC\TorKartingowyCoreMVC.csproj", "{EDF4002A-9599-477E-9212-AFD7E7EABF69}"
EndProject
Global
	GlobalSection(SolutionConfigurationPlatforms) = preSolution
		Debug|Any CPU = Debug|Any CPU
		Release|Any CPU = Release|Any CPU
	EndGlobalSection
	GlobalSection(ProjectConfigurationPlatforms) = postSolution
		{EDF4002A-9599-477E-9212-AFD7E7EABF69}.Debug|Any CPU.ActiveCfg = Debug|Any CPU
		{EDF4002A-9599-477E-9212-AFD7E7EABF69}.Debug|Any CPU.Build.0 = Debug|Any CPU
		{EDF4002A-9599-477E-9212-AFD7E7EABF69}.Release|Any CPU.ActiveCfg = Release|Any CPU
		{EDF4002A-9599-477E-9212-AFD7E7EABF69}.Release|Any CPU.Build.0 = Release|Any CPU
	EndGlobalSection
	GlobalSection(SolutionProperties) = preSolution
		HideSolutionNode = FALSE
	EndGlobalSection
	GlobalSection(ExtensibilityGlobals) = postSolution
		SolutionGuid = {CB9F9629-7BC3-49BE-84EC-86772A2346B9}
	EndGlobalSection
EndGlobal
